
Microsoft Visual Studio Solution File, Format Version 12.00
# Visual Studio Version 16
VisualStudioVersion = 16.0.29709.97
MinimumVisualStudioVersion = 10.0.40219.1
Project("{FAE04EC0-301F-11D3-BF4B-00C04F79EFBC}") = "Autovit", "Autovit\Autovit.csproj", "{DF93C05D-9A3C-4A91-ADA8-516B4A2EB447}"
EndProject
Global
	GlobalSection(SolutionConfigurationPlatforms) = preSolution
		Debug|Any CPU = Debug|Any CPU
		Release|Any CPU = Release|Any CPU
	EndGlobalSection
	GlobalSection(ProjectConfigurationPlatforms) = postSolution
		{DF93C05D-9A3C-4A91-ADA8-516B4A2EB447}.Debug|Any CPU.ActiveCfg = Debug|Any CPU
		{DF93C05D-9A3C-4A91-ADA8-516B4A2EB447}.Debug|Any CPU.Build.0 = Debug|Any CPU
		{DF93C05D-9A3C-4A91-ADA8-516B4A2EB447}.Release|Any CPU.ActiveCfg = Release|Any CPU
		{DF93C05D-9A3C-4A91-ADA8-516B4A2EB447}.Release|Any CPU.Build.0 = Release|Any CPU
	EndGlobalSection
	GlobalSection(SolutionProperties) = preSolution
		HideSolutionNode = FALSE
	EndGlobalSection
	GlobalSection(ExtensibilityGlobals) = postSolution
		SolutionGuid = {0F0DF5C5-0337-439D-94FF-0570E5388AB2}
	EndGlobalSection
EndGlobal
